// !$*UTF8*$!
{
	archiveVersion = 1;
	classes = {
	};
	objectVersion = 45;
	objects = {

/* Begin PBXBuildFile section */
		1D3623260D0F684500981E51 /* Free42AppDelegate.m in Sources */ = {isa = PBXBuildFile; fileRef = 1D3623250D0F684500981E51 /* Free42AppDelegate.m */; };
		1D60589B0D05DD56006BFB54 /* main.m in Sources */ = {isa = PBXBuildFile; fileRef = 29B97316FDCFA39411CA2CEA /* main.m */; };
		1D60589F0D05DD5A006BFB54 /* Foundation.framework in Frameworks */ = {isa = PBXBuildFile; fileRef = 1D30AB110D05D00D00671497 /* Foundation.framework */; };
		2899E5220DE3E06400AC0155 /* CalcView.xib in Resources */ = {isa = PBXBuildFile; fileRef = 2899E5210DE3E06400AC0155 /* CalcView.xib */; };
		28AD733F0D9D9553002E5188 /* MainWindow.xib in Resources */ = {isa = PBXBuildFile; fileRef = 28AD733E0D9D9553002E5188 /* MainWindow.xib */; };
		28D7ACF80DDB3853001CB0EB /* CalcViewController.m in Sources */ = {isa = PBXBuildFile; fileRef = 28D7ACF70DDB3853001CB0EB /* CalcViewController.m */; };
		E96280FC101CD52400AF16AC /* bcdfloat2.cc in Sources */ = {isa = PBXBuildFile; fileRef = E96280FA101CD52400AF16AC /* bcdfloat2.cc */; };
		E9B918DF0FDE8CE800698456 /* squeak.wav in Resources */ = {isa = PBXBuildFile; fileRef = E9B918D40FDE8CE800698456 /* squeak.wav */; };
		E9B918E00FDE8CE800698456 /* tone0.wav in Resources */ = {isa = PBXBuildFile; fileRef = E9B918D50FDE8CE800698456 /* tone0.wav */; };
		E9B918E10FDE8CE800698456 /* tone1.wav in Resources */ = {isa = PBXBuildFile; fileRef = E9B918D60FDE8CE800698456 /* tone1.wav */; };
		E9B918E20FDE8CE800698456 /* tone2.wav in Resources */ = {isa = PBXBuildFile; fileRef = E9B918D70FDE8CE800698456 /* tone2.wav */; };
		E9B918E30FDE8CE800698456 /* tone3.wav in Resources */ = {isa = PBXBuildFile; fileRef = E9B918D80FDE8CE800698456 /* tone3.wav */; };
		E9B918E40FDE8CE800698456 /* tone4.wav in Resources */ = {isa = PBXBuildFile; fileRef = E9B918D90FDE8CE800698456 /* tone4.wav */; };
		E9B918E50FDE8CE800698456 /* tone5.wav in Resources */ = {isa = PBXBuildFile; fileRef = E9B918DA0FDE8CE800698456 /* tone5.wav */; };
		E9B918E60FDE8CE800698456 /* tone6.wav in Resources */ = {isa = PBXBuildFile; fileRef = E9B918DB0FDE8CE800698456 /* tone6.wav */; };
		E9B918E70FDE8CE800698456 /* tone7.wav in Resources */ = {isa = PBXBuildFile; fileRef = E9B918DC0FDE8CE800698456 /* tone7.wav */; };
		E9B918E80FDE8CE800698456 /* tone8.wav in Resources */ = {isa = PBXBuildFile; fileRef = E9B918DD0FDE8CE800698456 /* tone8.wav */; };
		E9B918E90FDE8CE800698456 /* tone9.wav in Resources */ = {isa = PBXBuildFile; fileRef = E9B918DE0FDE8CE800698456 /* tone9.wav */; };
		ED021D70101D7BE700D8907C /* upglow.png in Resources */ = {isa = PBXBuildFile; fileRef = ED021D6F101D7BE700D8907C /* upglow.png */; };
		ED08B0740EB940F300D368A2 /* imgFlagPrint.png in Resources */ = {isa = PBXBuildFile; fileRef = ED08B0730EB940F300D368A2 /* imgFlagPrint.png */; };
		ED0B99C412AA43E20002D7E8 /* Icon-72.png in Resources */ = {isa = PBXBuildFile; fileRef = ED0B99C312AA43E20002D7E8 /* Icon-72.png */; };
		ED0B99C612AA43E80002D7E8 /* Icon.png in Resources */ = {isa = PBXBuildFile; fileRef = ED0B99C512AA43E80002D7E8 /* Icon.png */; };
		ED0B99C812AA43EE0002D7E8 /* Icon@2x.png in Resources */ = {isa = PBXBuildFile; fileRef = ED0B99C712AA43EE0002D7E8 /* Icon@2x.png */; };
		ED0C2CF20EB4BA6F00053F90 /* PrintView.m in Sources */ = {isa = PBXBuildFile; fileRef = ED0C2CF10EB4BA6F00053F90 /* PrintView.m */; };
		ED0C58E00F88940B00C2BD7C /* icons.c in Sources */ = {isa = PBXBuildFile; fileRef = ED0C58DF0F88940B00C2BD7C /* icons.c */; };
		ED11B0A4107C6C2400A89C47 /* glare.png in Resources */ = {isa = PBXBuildFile; fileRef = ED11B0A3107C6C2400A89C47 /* glare.png */; };
		ED26D2400F6AB1D100F285A2 /* simpleserver.c in Sources */ = {isa = PBXBuildFile; fileRef = ED26D23F0F6AB1D100F285A2 /* simpleserver.c */; };
		ED26D2650F6AB70E00F285A2 /* ServerViewController.m in Sources */ = {isa = PBXBuildFile; fileRef = ED26D2640F6AB70E00F285A2 /* ServerViewController.m */; };
		ED26D2740F6AB7F400F285A2 /* ServerView.xib in Resources */ = {isa = PBXBuildFile; fileRef = ED26D2730F6AB7F400F285A2 /* ServerView.xib */; };
		ED361AB60FB973A700C432A1 /* MenuView.m in Sources */ = {isa = PBXBuildFile; fileRef = ED361AB50FB973A700C432A1 /* MenuView.m */; };
		ED366418100B339D00293D2C /* VERSION in Resources */ = {isa = PBXBuildFile; fileRef = ED366417100B339D00293D2C /* VERSION */; };
		ED36E9811093D43800DAA444 /* core_commands2.cc in Sources */ = {isa = PBXBuildFile; fileRef = ED36E9761093D43800DAA444 /* core_commands2.cc */; };
		ED36E9821093D43800DAA444 /* core_display.cc in Sources */ = {isa = PBXBuildFile; fileRef = ED36E9771093D43800DAA444 /* core_display.cc */; };
		ED36E9831093D43800DAA444 /* core_globals.cc in Sources */ = {isa = PBXBuildFile; fileRef = ED36E9791093D43800DAA444 /* core_globals.cc */; };
		ED36E9851093D43800DAA444 /* core_helpers.cc in Sources */ = {isa = PBXBuildFile; fileRef = ED36E97C1093D43800DAA444 /* core_helpers.cc */; };
		ED36E9861093D43800DAA444 /* core_keydown.cc in Sources */ = {isa = PBXBuildFile; fileRef = ED36E97E1093D43800DAA444 /* core_keydown.cc */; };
		ED36E9871093D43800DAA444 /* core_commands1.cc in Sources */ = {isa = PBXBuildFile; fileRef = ED36E97F1093D43800DAA444 /* core_commands1.cc */; };
		ED36E9881093D43800DAA444 /* core_main.cc in Sources */ = {isa = PBXBuildFile; fileRef = ED36E9801093D43800DAA444 /* core_main.cc */; };
		ED3DF9FE0E52E6C4000044AF /* bcd.cc in Sources */ = {isa = PBXBuildFile; fileRef = ED3DF9CB0E52E6C4000044AF /* bcd.cc */; };
		ED3DF9FF0E52E6C4000044AF /* bcdfloat.cc in Sources */ = {isa = PBXBuildFile; fileRef = ED3DF9CD0E52E6C4000044AF /* bcdfloat.cc */; };
		ED3DFA000E52E6C4000044AF /* bcdmath.cc in Sources */ = {isa = PBXBuildFile; fileRef = ED3DF9CF0E52E6C4000044AF /* bcdmath.cc */; };
		ED3DFA030E52E6C4000044AF /* core_commands3.cc in Sources */ = {isa = PBXBuildFile; fileRef = ED3DF9D50E52E6C4000044AF /* core_commands3.cc */; };
		ED3DFA040E52E6C4000044AF /* core_commands4.cc in Sources */ = {isa = PBXBuildFile; fileRef = ED3DF9D70E52E6C4000044AF /* core_commands4.cc */; };
		ED3DFA050E52E6C4000044AF /* core_commands5.cc in Sources */ = {isa = PBXBuildFile; fileRef = ED3DF9D90E52E6C4000044AF /* core_commands5.cc */; };
		ED3DFA060E52E6C4000044AF /* core_commands6.cc in Sources */ = {isa = PBXBuildFile; fileRef = ED3DF9DB0E52E6C4000044AF /* core_commands6.cc */; };
		ED3DFA0B0E52E6C4000044AF /* core_linalg1.cc in Sources */ = {isa = PBXBuildFile; fileRef = ED3DF9E50E52E6C4000044AF /* core_linalg1.cc */; };
		ED3DFA0C0E52E6C4000044AF /* core_linalg2.cc in Sources */ = {isa = PBXBuildFile; fileRef = ED3DF9E70E52E6C4000044AF /* core_linalg2.cc */; };
		ED3DFA0E0E52E6C4000044AF /* core_math1.cc in Sources */ = {isa = PBXBuildFile; fileRef = ED3DF9EB0E52E6C4000044AF /* core_math1.cc */; };
		ED3DFA0F0E52E6C4000044AF /* core_math2.cc in Sources */ = {isa = PBXBuildFile; fileRef = ED3DF9ED0E52E6C4000044AF /* core_math2.cc */; };
		ED3DFA100E52E6C4000044AF /* core_phloat.cc in Sources */ = {isa = PBXBuildFile; fileRef = ED3DF9EF0E52E6C4000044AF /* core_phloat.cc */; };
		ED3DFA110E52E6C4000044AF /* core_sto_rcl.cc in Sources */ = {isa = PBXBuildFile; fileRef = ED3DF9F10E52E6C4000044AF /* core_sto_rcl.cc */; };
		ED3DFA130E52E6C4000044AF /* core_variables.cc in Sources */ = {isa = PBXBuildFile; fileRef = ED3DF9F50E52E6C4000044AF /* core_variables.cc */; };
		ED3DFA160E52E6C4000044AF /* shell_spool.cc in Sources */ = {isa = PBXBuildFile; fileRef = ED3DF9FC0E52E6C4000044AF /* shell_spool.cc */; };
		ED3DFA260E52E912000044AF /* shell.m in Sources */ = {isa = PBXBuildFile; fileRef = ED3DFA250E52E912000044AF /* shell.m */; };
		ED3DFA450E52F80D000044AF /* BlitterView.m in Sources */ = {isa = PBXBuildFile; fileRef = ED3DFA440E52F80D000044AF /* BlitterView.m */; };
		ED3DFAB80E5308B0000044AF /* CoreGraphics.framework in Frameworks */ = {isa = PBXBuildFile; fileRef = ED3DFAB70E5308B0000044AF /* CoreGraphics.framework */; };
		ED559B6A0EB6089B0060A929 /* Default.png in Resources */ = {isa = PBXBuildFile; fileRef = ED559B690EB6089B0060A929 /* Default.png */; };
		ED5E2E4B10BF87D2006F9D9F /* undo.cc in Sources */ = {isa = PBXBuildFile; fileRef = ED5E2E4910BF87D2006F9D9F /* undo.cc */; };
		ED5F1AC80FBCB72A00ABACC2 /* glow.png in Resources */ = {isa = PBXBuildFile; fileRef = ED5F1AC70FBCB72A00ABACC2 /* glow.png */; };
		ED69AAD70F13F6A8001B6C1A /* COPYING in Resources */ = {isa = PBXBuildFile; fileRef = ED69AAD60F13F6A8001B6C1A /* COPYING */; };
		ED82C6951013DC9800803FB3 /* UIKit.framework in Frameworks */ = {isa = PBXBuildFile; fileRef = ED82C6941013DC9800803FB3 /* UIKit.framework */; };
		ED8F9FFD1225EC7400B2DAAC /* core_tables.cc in Sources */ = {isa = PBXBuildFile; fileRef = ED8F9FFC1225EC7400B2DAAC /* core_tables.cc */; };
		ED8FA009122A5D6800B2DAAC /* core_commands7.cc in Sources */ = {isa = PBXBuildFile; fileRef = ED8FA007122A5D6800B2DAAC /* core_commands7.cc */; };
		ED8FA017122A5E7700B2DAAC /* CoreLocation.framework in Frameworks */ = {isa = PBXBuildFile; fileRef = ED8FA016122A5E7700B2DAAC /* CoreLocation.framework */; };
		EDA9B7440EB1F95300D30EA2 /* AudioToolbox.framework in Frameworks */ = {isa = PBXBuildFile; fileRef = EDA9B7430EB1F95300D30EA2 /* AudioToolbox.framework */; };
		EDA9BBCE0EB49EEF00D30EA2 /* PrintViewController.m in Sources */ = {isa = PBXBuildFile; fileRef = EDA9BBCD0EB49EEF00D30EA2 /* PrintViewController.m */; };
		EDA9BBD10EB4A06600D30EA2 /* PrintView.xib in Resources */ = {isa = PBXBuildFile; fileRef = EDA9BBD00EB4A06600D30EA2 /* PrintView.xib */; };
		EDA9BBE80EB4A49400D30EA2 /* Utils.m in Sources */ = {isa = PBXBuildFile; fileRef = EDA9BBE70EB4A49400D30EA2 /* Utils.m */; };
		EDAFFDDE0EAF0BB500F06495 /* imgFlagGrad.png in Resources */ = {isa = PBXBuildFile; fileRef = EDAFFDDD0EAF0BB500F06495 /* imgFlagGrad.png */; };
		EDAFFE100EAF0D6B00F06495 /* imgFlagRad.png in Resources */ = {isa = PBXBuildFile; fileRef = EDAFFE0F0EAF0D6B00F06495 /* imgFlagRad.png */; };
		EDDA2FCB0FB810FC00B9D002 /* Default-BlankTop.png in Resources */ = {isa = PBXBuildFile; fileRef = EDDA2FCA0FB810FC00B9D002 /* Default-BlankTop.png */; };
		EDE45EAE0EAF7D6000404D59 /* ConfigViewController.m in Sources */ = {isa = PBXBuildFile; fileRef = EDE45EAD0EAF7D6000404D59 /* ConfigViewController.m */; };
		EDE45EB20EB033F500404D59 /* ConfigView.xib in Resources */ = {isa = PBXBuildFile; fileRef = EDE45EB10EB033F500404D59 /* ConfigView.xib */; };
		EDE45F3E0EB0450100404D59 /* NavViewController.m in Sources */ = {isa = PBXBuildFile; fileRef = EDE45F3D0EB0450100404D59 /* NavViewController.m */; };
		EDE464AD0EB1AF4F00404D59 /* Settings.m in Sources */ = {isa = PBXBuildFile; fileRef = EDE464AC0EB1AF4F00404D59 /* Settings.m */; };
		EDF7F9F6123EDD680091DB79 /* Default@2x.png in Resources */ = {isa = PBXBuildFile; fileRef = EDF7F9F5123EDD680091DB79 /* Default@2x.png */; };
		EDFC86B90EAF10F4007120DA /* imgFlagShift.png in Resources */ = {isa = PBXBuildFile; fileRef = EDFC86B80EAF10F4007120DA /* imgFlagShift.png */; };
		EDFC86BB0EAF10FC007120DA /* imgFlagUpDown.png in Resources */ = {isa = PBXBuildFile; fileRef = EDFC86BA0EAF10FC007120DA /* imgFlagUpDown.png */; };
		EDFC86BE0EAF1FBD007120DA /* imgFlagRun.png in Resources */ = {isa = PBXBuildFile; fileRef = EDFC86BD0EAF1FBD007120DA /* imgFlagRun.png */; };
/* End PBXBuildFile section */

/* Begin PBXFileReference section */
		1D30AB110D05D00D00671497 /* Foundation.framework */ = {isa = PBXFileReference; lastKnownFileType = wrapper.framework; name = Foundation.framework; path = System/Library/Frameworks/Foundation.framework; sourceTree = SDKROOT; };
		1D3623240D0F684500981E51 /* Free42AppDelegate.h */ = {isa = PBXFileReference; fileEncoding = 4; lastKnownFileType = sourcecode.c.h; path = Free42AppDelegate.h; sourceTree = "<group>"; };
		1D3623250D0F684500981E51 /* Free42AppDelegate.m */ = {isa = PBXFileReference; fileEncoding = 4; lastKnownFileType = sourcecode.c.objc; path = Free42AppDelegate.m; sourceTree = "<group>"; };
		1D6058910D05DD3D006BFB54 /* 42s.app */ = {isa = PBXFileReference; explicitFileType = wrapper.application; includeInIndex = 0; path = 42s.app; sourceTree = BUILT_PRODUCTS_DIR; };
		2899E5210DE3E06400AC0155 /* CalcView.xib */ = {isa = PBXFileReference; lastKnownFileType = file.xib; path = CalcView.xib; sourceTree = "<group>"; };
		28AD733E0D9D9553002E5188 /* MainWindow.xib */ = {isa = PBXFileReference; lastKnownFileType = file.xib; path = MainWindow.xib; sourceTree = "<group>"; };
		28D7ACF60DDB3853001CB0EB /* CalcViewController.h */ = {isa = PBXFileReference; fileEncoding = 4; lastKnownFileType = sourcecode.c.h; path = CalcViewController.h; sourceTree = "<group>"; };
		28D7ACF70DDB3853001CB0EB /* CalcViewController.m */ = {isa = PBXFileReference; fileEncoding = 4; lastKnownFileType = sourcecode.c.objc; path = CalcViewController.m; sourceTree = "<group>"; };
		29B97316FDCFA39411CA2CEA /* main.m */ = {isa = PBXFileReference; fileEncoding = 4; lastKnownFileType = sourcecode.c.objc; path = main.m; sourceTree = "<group>"; };
		32CA4F630368D1EE00C91783 /* Free42_Prefix.pch */ = {isa = PBXFileReference; fileEncoding = 4; lastKnownFileType = sourcecode.c.h; path = Free42_Prefix.pch; sourceTree = "<group>"; };
		8D1107310486CEB800E47090 /* Info.plist */ = {isa = PBXFileReference; fileEncoding = 4; lastKnownFileType = text.plist.xml; path = Info.plist; sourceTree = "<group>"; };
		E96280F9101CD52400AF16AC /* bcd2.h */ = {isa = PBXFileReference; fileEncoding = 4; lastKnownFileType = sourcecode.c.h; name = bcd2.h; path = ../common/bcd2.h; sourceTree = SOURCE_ROOT; };
		E96280FA101CD52400AF16AC /* bcdfloat2.cc */ = {isa = PBXFileReference; fileEncoding = 4; lastKnownFileType = sourcecode.cpp.cpp; name = bcdfloat2.cc; path = ../common/bcdfloat2.cc; sourceTree = SOURCE_ROOT; };
		E96280FB101CD52400AF16AC /* bcdfloat2.h */ = {isa = PBXFileReference; fileEncoding = 4; lastKnownFileType = sourcecode.c.h; name = bcdfloat2.h; path = ../common/bcdfloat2.h; sourceTree = SOURCE_ROOT; };
		E9B918D40FDE8CE800698456 /* squeak.wav */ = {isa = PBXFileReference; lastKnownFileType = audio.wav; path = squeak.wav; sourceTree = "<group>"; };
		E9B918D50FDE8CE800698456 /* tone0.wav */ = {isa = PBXFileReference; lastKnownFileType = audio.wav; path = tone0.wav; sourceTree = "<group>"; };
		E9B918D60FDE8CE800698456 /* tone1.wav */ = {isa = PBXFileReference; lastKnownFileType = audio.wav; path = tone1.wav; sourceTree = "<group>"; };
		E9B918D70FDE8CE800698456 /* tone2.wav */ = {isa = PBXFileReference; lastKnownFileType = audio.wav; path = tone2.wav; sourceTree = "<group>"; };
		E9B918D80FDE8CE800698456 /* tone3.wav */ = {isa = PBXFileReference; lastKnownFileType = audio.wav; path = tone3.wav; sourceTree = "<group>"; };
		E9B918D90FDE8CE800698456 /* tone4.wav */ = {isa = PBXFileReference; lastKnownFileType = audio.wav; path = tone4.wav; sourceTree = "<group>"; };
		E9B918DA0FDE8CE800698456 /* tone5.wav */ = {isa = PBXFileReference; lastKnownFileType = audio.wav; path = tone5.wav; sourceTree = "<group>"; };
		E9B918DB0FDE8CE800698456 /* tone6.wav */ = {isa = PBXFileReference; lastKnownFileType = audio.wav; path = tone6.wav; sourceTree = "<group>"; };
		E9B918DC0FDE8CE800698456 /* tone7.wav */ = {isa = PBXFileReference; lastKnownFileType = audio.wav; path = tone7.wav; sourceTree = "<group>"; };
		E9B918DD0FDE8CE800698456 /* tone8.wav */ = {isa = PBXFileReference; lastKnownFileType = audio.wav; path = tone8.wav; sourceTree = "<group>"; };
		E9B918DE0FDE8CE800698456 /* tone9.wav */ = {isa = PBXFileReference; lastKnownFileType = audio.wav; path = tone9.wav; sourceTree = "<group>"; };
		ED021D6F101D7BE700D8907C /* upglow.png */ = {isa = PBXFileReference; lastKnownFileType = image.png; path = upglow.png; sourceTree = "<group>"; };
		ED08B0730EB940F300D368A2 /* imgFlagPrint.png */ = {isa = PBXFileReference; lastKnownFileType = image.png; path = imgFlagPrint.png; sourceTree = "<group>"; };
		ED0B99C312AA43E20002D7E8 /* Icon-72.png */ = {isa = PBXFileReference; lastKnownFileType = image.png; path = "Icon-72.png"; sourceTree = "<group>"; };
		ED0B99C512AA43E80002D7E8 /* Icon.png */ = {isa = PBXFileReference; lastKnownFileType = image.png; path = Icon.png; sourceTree = "<group>"; };
		ED0B99C712AA43EE0002D7E8 /* Icon@2x.png */ = {isa = PBXFileReference; lastKnownFileType = image.png; path = "Icon@2x.png"; sourceTree = "<group>"; };
		ED0C2CF00EB4BA6F00053F90 /* PrintView.h */ = {isa = PBXFileReference; fileEncoding = 4; lastKnownFileType = sourcecode.c.h; path = PrintView.h; sourceTree = "<group>"; };
		ED0C2CF10EB4BA6F00053F90 /* PrintView.m */ = {isa = PBXFileReference; fileEncoding = 4; lastKnownFileType = sourcecode.c.objc; path = PrintView.m; sourceTree = "<group>"; };
		ED0C58DF0F88940B00C2BD7C /* icons.c */ = {isa = PBXFileReference; fileEncoding = 4; lastKnownFileType = sourcecode.c.c; name = icons.c; path = simpleserver/icons.c; sourceTree = "<group>"; };
		ED11B0A3107C6C2400A89C47 /* glare.png */ = {isa = PBXFileReference; lastKnownFileType = image.png; path = glare.png; sourceTree = "<group>"; };
		ED26D23F0F6AB1D100F285A2 /* simpleserver.c */ = {isa = PBXFileReference; fileEncoding = 4; lastKnownFileType = sourcecode.c.c; name = simpleserver.c; path = simpleserver/simpleserver.c; sourceTree = "<group>"; tabWidth = 8; };
		ED26D2630F6AB70E00F285A2 /* ServerViewController.h */ = {isa = PBXFileReference; fileEncoding = 4; lastKnownFileType = sourcecode.c.h; path = ServerViewController.h; sourceTree = "<group>"; };
		ED26D2640F6AB70E00F285A2 /* ServerViewController.m */ = {isa = PBXFileReference; fileEncoding = 4; lastKnownFileType = sourcecode.c.objc; path = ServerViewController.m; sourceTree = "<group>"; };
		ED26D2730F6AB7F400F285A2 /* ServerView.xib */ = {isa = PBXFileReference; lastKnownFileType = file.xib; path = ServerView.xib; sourceTree = "<group>"; };
		ED361AB40FB973A700C432A1 /* MenuView.h */ = {isa = PBXFileReference; fileEncoding = 4; lastKnownFileType = sourcecode.c.h; path = MenuView.h; sourceTree = "<group>"; };
		ED361AB50FB973A700C432A1 /* MenuView.m */ = {isa = PBXFileReference; fileEncoding = 4; lastKnownFileType = sourcecode.c.objc; path = MenuView.m; sourceTree = "<group>"; };
		ED366417100B339D00293D2C /* VERSION */ = {isa = PBXFileReference; fileEncoding = 4; lastKnownFileType = text; name = VERSION; path = ../VERSION; sourceTree = SOURCE_ROOT; };
		ED36E9751093D43800DAA444 /* core_display.h */ = {isa = PBXFileReference; fileEncoding = 4; lastKnownFileType = sourcecode.c.h; name = core_display.h; path = "Classes/common-42s/core_display.h"; sourceTree = "<group>"; };
		ED36E9761093D43800DAA444 /* core_commands2.cc */ = {isa = PBXFileReference; fileEncoding = 4; lastKnownFileType = sourcecode.cpp.cpp; name = core_commands2.cc; path = "Classes/common-42s/core_commands2.cc"; sourceTree = "<group>"; };
		ED36E9771093D43800DAA444 /* core_display.cc */ = {isa = PBXFileReference; fileEncoding = 4; lastKnownFileType = sourcecode.cpp.cpp; name = core_display.cc; path = "Classes/common-42s/core_display.cc"; sourceTree = "<group>"; };
		ED36E9791093D43800DAA444 /* core_globals.cc */ = {isa = PBXFileReference; fileEncoding = 4; lastKnownFileType = sourcecode.cpp.cpp; name = core_globals.cc; path = "Classes/common-42s/core_globals.cc"; sourceTree = "<group>"; };
		ED36E97B1093D43800DAA444 /* core_keydown.h */ = {isa = PBXFileReference; fileEncoding = 4; lastKnownFileType = sourcecode.c.h; name = core_keydown.h; path = "Classes/common-42s/core_keydown.h"; sourceTree = "<group>"; };
		ED36E97C1093D43800DAA444 /* core_helpers.cc */ = {isa = PBXFileReference; fileEncoding = 4; lastKnownFileType = sourcecode.cpp.cpp; name = core_helpers.cc; path = "Classes/common-42s/core_helpers.cc"; sourceTree = "<group>"; };
		ED36E97E1093D43800DAA444 /* core_keydown.cc */ = {isa = PBXFileReference; fileEncoding = 4; lastKnownFileType = sourcecode.cpp.cpp; name = core_keydown.cc; path = "Classes/common-42s/core_keydown.cc"; sourceTree = "<group>"; };
		ED36E97F1093D43800DAA444 /* core_commands1.cc */ = {isa = PBXFileReference; fileEncoding = 4; lastKnownFileType = sourcecode.cpp.cpp; name = core_commands1.cc; path = "Classes/common-42s/core_commands1.cc"; sourceTree = "<group>"; };
		ED36E9801093D43800DAA444 /* core_main.cc */ = {isa = PBXFileReference; fileEncoding = 4; lastKnownFileType = sourcecode.cpp.cpp; name = core_main.cc; path = "Classes/common-42s/core_main.cc"; sourceTree = "<group>"; };
		ED3DF9CB0E52E6C4000044AF /* bcd.cc */ = {isa = PBXFileReference; fileEncoding = 4; lastKnownFileType = sourcecode.cpp.cpp; name = bcd.cc; path = ../common/bcd.cc; sourceTree = SOURCE_ROOT; };
		ED3DF9CC0E52E6C4000044AF /* bcd.h */ = {isa = PBXFileReference; fileEncoding = 4; lastKnownFileType = sourcecode.c.h; name = bcd.h; path = ../common/bcd.h; sourceTree = SOURCE_ROOT; };
		ED3DF9CD0E52E6C4000044AF /* bcdfloat.cc */ = {isa = PBXFileReference; fileEncoding = 4; lastKnownFileType = sourcecode.cpp.cpp; name = bcdfloat.cc; path = ../common/bcdfloat.cc; sourceTree = SOURCE_ROOT; };
		ED3DF9CE0E52E6C4000044AF /* bcdfloat.h */ = {isa = PBXFileReference; fileEncoding = 4; lastKnownFileType = sourcecode.c.h; name = bcdfloat.h; path = ../common/bcdfloat.h; sourceTree = SOURCE_ROOT; };
		ED3DF9CF0E52E6C4000044AF /* bcdmath.cc */ = {isa = PBXFileReference; fileEncoding = 4; lastKnownFileType = sourcecode.cpp.cpp; name = bcdmath.cc; path = ../common/bcdmath.cc; sourceTree = SOURCE_ROOT; };
		ED3DF9D00E52E6C4000044AF /* bcdmath.h */ = {isa = PBXFileReference; fileEncoding = 4; lastKnownFileType = sourcecode.c.h; name = bcdmath.h; path = ../common/bcdmath.h; sourceTree = SOURCE_ROOT; };
		ED3DF9D40E52E6C4000044AF /* core_commands2.h */ = {isa = PBXFileReference; fileEncoding = 4; lastKnownFileType = sourcecode.c.h; name = core_commands2.h; path = ../common/core_commands2.h; sourceTree = SOURCE_ROOT; };
		ED3DF9D50E52E6C4000044AF /* core_commands3.cc */ = {isa = PBXFileReference; fileEncoding = 4; lastKnownFileType = sourcecode.cpp.cpp; name = core_commands3.cc; path = ../common/core_commands3.cc; sourceTree = SOURCE_ROOT; };
		ED3DF9D60E52E6C4000044AF /* core_commands3.h */ = {isa = PBXFileReference; fileEncoding = 4; lastKnownFileType = sourcecode.c.h; name = core_commands3.h; path = ../common/core_commands3.h; sourceTree = SOURCE_ROOT; };
		ED3DF9D70E52E6C4000044AF /* core_commands4.cc */ = {isa = PBXFileReference; fileEncoding = 4; lastKnownFileType = sourcecode.cpp.cpp; name = core_commands4.cc; path = ../common/core_commands4.cc; sourceTree = SOURCE_ROOT; };
		ED3DF9D80E52E6C4000044AF /* core_commands4.h */ = {isa = PBXFileReference; fileEncoding = 4; lastKnownFileType = sourcecode.c.h; name = core_commands4.h; path = ../common/core_commands4.h; sourceTree = SOURCE_ROOT; };
		ED3DF9D90E52E6C4000044AF /* core_commands5.cc */ = {isa = PBXFileReference; fileEncoding = 4; lastKnownFileType = sourcecode.cpp.cpp; name = core_commands5.cc; path = ../common/core_commands5.cc; sourceTree = SOURCE_ROOT; };
		ED3DF9DA0E52E6C4000044AF /* core_commands5.h */ = {isa = PBXFileReference; fileEncoding = 4; lastKnownFileType = sourcecode.c.h; name = core_commands5.h; path = ../common/core_commands5.h; sourceTree = SOURCE_ROOT; };
		ED3DF9DB0E52E6C4000044AF /* core_commands6.cc */ = {isa = PBXFileReference; fileEncoding = 4; lastKnownFileType = sourcecode.cpp.cpp; name = core_commands6.cc; path = ../common/core_commands6.cc; sourceTree = SOURCE_ROOT; };
		ED3DF9DC0E52E6C4000044AF /* core_commands6.h */ = {isa = PBXFileReference; fileEncoding = 4; lastKnownFileType = sourcecode.c.h; name = core_commands6.h; path = ../common/core_commands6.h; sourceTree = SOURCE_ROOT; };
		ED3DF9E20E52E6C4000044AF /* core_helpers.h */ = {isa = PBXFileReference; fileEncoding = 4; lastKnownFileType = sourcecode.c.h; name = core_helpers.h; path = ../common/core_helpers.h; sourceTree = SOURCE_ROOT; };
		ED3DF9E50E52E6C4000044AF /* core_linalg1.cc */ = {isa = PBXFileReference; fileEncoding = 4; lastKnownFileType = sourcecode.cpp.cpp; name = core_linalg1.cc; path = ../common/core_linalg1.cc; sourceTree = SOURCE_ROOT; };
		ED3DF9E60E52E6C4000044AF /* core_linalg1.h */ = {isa = PBXFileReference; fileEncoding = 4; lastKnownFileType = sourcecode.c.h; name = core_linalg1.h; path = ../common/core_linalg1.h; sourceTree = SOURCE_ROOT; };
		ED3DF9E70E52E6C4000044AF /* core_linalg2.cc */ = {isa = PBXFileReference; fileEncoding = 4; lastKnownFileType = sourcecode.cpp.cpp; name = core_linalg2.cc; path = ../common/core_linalg2.cc; sourceTree = SOURCE_ROOT; };
		ED3DF9E80E52E6C4000044AF /* core_linalg2.h */ = {isa = PBXFileReference; fileEncoding = 4; lastKnownFileType = sourcecode.c.h; name = core_linalg2.h; path = ../common/core_linalg2.h; sourceTree = SOURCE_ROOT; };
		ED3DF9EA0E52E6C4000044AF /* core_main.h */ = {isa = PBXFileReference; fileEncoding = 4; lastKnownFileType = sourcecode.c.h; name = core_main.h; path = ../common/core_main.h; sourceTree = SOURCE_ROOT; };
		ED3DF9EB0E52E6C4000044AF /* core_math1.cc */ = {isa = PBXFileReference; fileEncoding = 4; lastKnownFileType = sourcecode.cpp.cpp; name = core_math1.cc; path = ../common/core_math1.cc; sourceTree = SOURCE_ROOT; };
		ED3DF9EC0E52E6C4000044AF /* core_math1.h */ = {isa = PBXFileReference; fileEncoding = 4; lastKnownFileType = sourcecode.c.h; name = core_math1.h; path = ../common/core_math1.h; sourceTree = SOURCE_ROOT; };
		ED3DF9ED0E52E6C4000044AF /* core_math2.cc */ = {isa = PBXFileReference; fileEncoding = 4; lastKnownFileType = sourcecode.cpp.cpp; name = core_math2.cc; path = ../common/core_math2.cc; sourceTree = SOURCE_ROOT; };
		ED3DF9EE0E52E6C4000044AF /* core_math2.h */ = {isa = PBXFileReference; fileEncoding = 4; lastKnownFileType = sourcecode.c.h; name = core_math2.h; path = ../common/core_math2.h; sourceTree = SOURCE_ROOT; };
		ED3DF9EF0E52E6C4000044AF /* core_phloat.cc */ = {isa = PBXFileReference; fileEncoding = 4; lastKnownFileType = sourcecode.cpp.cpp; name = core_phloat.cc; path = ../common/core_phloat.cc; sourceTree = SOURCE_ROOT; };
		ED3DF9F00E52E6C4000044AF /* core_phloat.h */ = {isa = PBXFileReference; fileEncoding = 4; lastKnownFileType = sourcecode.c.h; name = core_phloat.h; path = ../common/core_phloat.h; sourceTree = SOURCE_ROOT; };
		ED3DF9F10E52E6C4000044AF /* core_sto_rcl.cc */ = {isa = PBXFileReference; fileEncoding = 4; lastKnownFileType = sourcecode.cpp.cpp; name = core_sto_rcl.cc; path = ../common/core_sto_rcl.cc; sourceTree = SOURCE_ROOT; };
		ED3DF9F20E52E6C4000044AF /* core_sto_rcl.h */ = {isa = PBXFileReference; fileEncoding = 4; lastKnownFileType = sourcecode.c.h; name = core_sto_rcl.h; path = ../common/core_sto_rcl.h; sourceTree = SOURCE_ROOT; };
		ED3DF9F50E52E6C4000044AF /* core_variables.cc */ = {isa = PBXFileReference; fileEncoding = 4; lastKnownFileType = sourcecode.cpp.cpp; name = core_variables.cc; path = ../common/core_variables.cc; sourceTree = SOURCE_ROOT; };
		ED3DF9F60E52E6C4000044AF /* core_variables.h */ = {isa = PBXFileReference; fileEncoding = 4; lastKnownFileType = sourcecode.c.h; name = core_variables.h; path = ../common/core_variables.h; sourceTree = SOURCE_ROOT; };
		ED3DF9F70E52E6C4000044AF /* free42.h */ = {isa = PBXFileReference; fileEncoding = 4; lastKnownFileType = sourcecode.c.h; name = free42.h; path = ../common/free42.h; sourceTree = SOURCE_ROOT; };
		ED3DF9F90E52E6C4000044AF /* shell.h */ = {isa = PBXFileReference; fileEncoding = 4; lastKnownFileType = sourcecode.c.h; name = shell.h; path = ../common/shell.h; sourceTree = SOURCE_ROOT; };
		ED3DF9FC0E52E6C4000044AF /* shell_spool.cc */ = {isa = PBXFileReference; fileEncoding = 4; lastKnownFileType = sourcecode.cpp.cpp; name = shell_spool.cc; path = ../common/shell_spool.cc; sourceTree = SOURCE_ROOT; };
		ED3DF9FD0E52E6C4000044AF /* shell_spool.h */ = {isa = PBXFileReference; fileEncoding = 4; lastKnownFileType = sourcecode.c.h; name = shell_spool.h; path = ../common/shell_spool.h; sourceTree = SOURCE_ROOT; };
		ED3DFA250E52E912000044AF /* shell.m */ = {isa = PBXFileReference; fileEncoding = 4; lastKnownFileType = sourcecode.c.objc; path = shell.m; sourceTree = "<group>"; };
		ED3DFA430E52F80D000044AF /* BlitterView.h */ = {isa = PBXFileReference; fileEncoding = 4; lastKnownFileType = sourcecode.c.h; path = BlitterView.h; sourceTree = "<group>"; };
		ED3DFA440E52F80D000044AF /* BlitterView.m */ = {isa = PBXFileReference; fileEncoding = 4; lastKnownFileType = sourcecode.c.objc; path = BlitterView.m; sourceTree = "<group>"; };
		ED3DFAB70E5308B0000044AF /* CoreGraphics.framework */ = {isa = PBXFileReference; lastKnownFileType = wrapper.framework; name = CoreGraphics.framework; path = System/Library/Frameworks/CoreGraphics.framework; sourceTree = SDKROOT; };
		ED50C0191095567500C7D722 /* core_globals.h */ = {isa = PBXFileReference; fileEncoding = 4; lastKnownFileType = sourcecode.c.h; name = core_globals.h; path = "Classes/common-42s/core_globals.h"; sourceTree = "<group>"; };
		ED559B690EB6089B0060A929 /* Default.png */ = {isa = PBXFileReference; lastKnownFileType = image.png; path = Default.png; sourceTree = "<group>"; };
		ED5E2E4910BF87D2006F9D9F /* undo.cc */ = {isa = PBXFileReference; fileEncoding = 4; lastKnownFileType = sourcecode.cpp.cpp; name = undo.cc; path = "Classes/common-42s/undo.cc"; sourceTree = "<group>"; };
		ED5E2E4A10BF87D2006F9D9F /* undo.h */ = {isa = PBXFileReference; fileEncoding = 4; lastKnownFileType = sourcecode.c.h; name = undo.h; path = "Classes/common-42s/undo.h"; sourceTree = "<group>"; };
		ED5F1AC70FBCB72A00ABACC2 /* glow.png */ = {isa = PBXFileReference; lastKnownFileType = image.png; path = glow.png; sourceTree = "<group>"; };
		ED69AAD60F13F6A8001B6C1A /* COPYING */ = {isa = PBXFileReference; fileEncoding = 4; lastKnownFileType = text; name = COPYING; path = ../COPYING; sourceTree = SOURCE_ROOT; };
		ED82C6941013DC9800803FB3 /* UIKit.framework */ = {isa = PBXFileReference; lastKnownFileType = wrapper.framework; name = UIKit.framework; path = System/Library/Frameworks/UIKit.framework; sourceTree = SDKROOT; };
		ED8F9FFB1225EC5100B2DAAC /* core_tables.h */ = {isa = PBXFileReference; fileEncoding = 4; lastKnownFileType = sourcecode.c.h; name = core_tables.h; path = ../common/core_tables.h; sourceTree = SOURCE_ROOT; };
		ED8F9FFC1225EC7400B2DAAC /* core_tables.cc */ = {isa = PBXFileReference; fileEncoding = 4; lastKnownFileType = sourcecode.cpp.cpp; name = core_tables.cc; path = ../common/core_tables.cc; sourceTree = SOURCE_ROOT; };
		ED8FA0021225ED8600B2DAAC /* core_commands1.h */ = {isa = PBXFileReference; fileEncoding = 4; lastKnownFileType = sourcecode.c.h; name = core_commands1.h; path = ../common/core_commands1.h; sourceTree = SOURCE_ROOT; };
		ED8FA007122A5D6800B2DAAC /* core_commands7.cc */ = {isa = PBXFileReference; fileEncoding = 4; lastKnownFileType = sourcecode.cpp.cpp; name = core_commands7.cc; path = ../common/core_commands7.cc; sourceTree = SOURCE_ROOT; };
		ED8FA008122A5D6800B2DAAC /* core_commands7.h */ = {isa = PBXFileReference; fileEncoding = 4; lastKnownFileType = sourcecode.c.h; name = core_commands7.h; path = ../common/core_commands7.h; sourceTree = SOURCE_ROOT; };
		ED8FA016122A5E7700B2DAAC /* CoreLocation.framework */ = {isa = PBXFileReference; lastKnownFileType = wrapper.framework; name = CoreLocation.framework; path = System/Library/Frameworks/CoreLocation.framework; sourceTree = SDKROOT; };
		EDA9B7430EB1F95300D30EA2 /* AudioToolbox.framework */ = {isa = PBXFileReference; lastKnownFileType = wrapper.framework; name = AudioToolbox.framework; path = System/Library/Frameworks/AudioToolbox.framework; sourceTree = SDKROOT; };
		EDA9BBCC0EB49EEF00D30EA2 /* PrintViewController.h */ = {isa = PBXFileReference; fileEncoding = 4; lastKnownFileType = sourcecode.c.h; path = PrintViewController.h; sourceTree = "<group>"; };
		EDA9BBCD0EB49EEF00D30EA2 /* PrintViewController.m */ = {isa = PBXFileReference; fileEncoding = 4; lastKnownFileType = sourcecode.c.objc; path = PrintViewController.m; sourceTree = "<group>"; };
		EDA9BBD00EB4A06600D30EA2 /* PrintView.xib */ = {isa = PBXFileReference; lastKnownFileType = file.xib; path = PrintView.xib; sourceTree = "<group>"; };
		EDA9BBE60EB4A49400D30EA2 /* Utils.h */ = {isa = PBXFileReference; fileEncoding = 4; lastKnownFileType = sourcecode.c.h; path = Utils.h; sourceTree = "<group>"; };
		EDA9BBE70EB4A49400D30EA2 /* Utils.m */ = {isa = PBXFileReference; fileEncoding = 4; lastKnownFileType = sourcecode.c.objc; path = Utils.m; sourceTree = "<group>"; };
		EDAFFDDD0EAF0BB500F06495 /* imgFlagGrad.png */ = {isa = PBXFileReference; lastKnownFileType = image.png; path = imgFlagGrad.png; sourceTree = "<group>"; };
		EDAFFE0F0EAF0D6B00F06495 /* imgFlagRad.png */ = {isa = PBXFileReference; lastKnownFileType = image.png; path = imgFlagRad.png; sourceTree = "<group>"; };
		EDDA2FCA0FB810FC00B9D002 /* Default-BlankTop.png */ = {isa = PBXFileReference; lastKnownFileType = image.png; path = "Default-BlankTop.png"; sourceTree = "<group>"; };
		EDE45EAC0EAF7D6000404D59 /* ConfigViewController.h */ = {isa = PBXFileReference; fileEncoding = 4; lastKnownFileType = sourcecode.c.h; path = ConfigViewController.h; sourceTree = "<group>"; };
		EDE45EAD0EAF7D6000404D59 /* ConfigViewController.m */ = {isa = PBXFileReference; fileEncoding = 4; lastKnownFileType = sourcecode.c.objc; path = ConfigViewController.m; sourceTree = "<group>"; };
		EDE45EB10EB033F500404D59 /* ConfigView.xib */ = {isa = PBXFileReference; lastKnownFileType = file.xib; path = ConfigView.xib; sourceTree = "<group>"; };
		EDE45F3C0EB0450100404D59 /* NavViewController.h */ = {isa = PBXFileReference; fileEncoding = 4; lastKnownFileType = sourcecode.c.h; path = NavViewController.h; sourceTree = "<group>"; };
		EDE45F3D0EB0450100404D59 /* NavViewController.m */ = {isa = PBXFileReference; fileEncoding = 4; lastKnownFileType = sourcecode.c.objc; path = NavViewController.m; sourceTree = "<group>"; };
		EDE464AB0EB1AF4F00404D59 /* Settings.h */ = {isa = PBXFileReference; fileEncoding = 4; lastKnownFileType = sourcecode.c.h; path = Settings.h; sourceTree = "<group>"; };
		EDE464AC0EB1AF4F00404D59 /* Settings.m */ = {isa = PBXFileReference; fileEncoding = 4; lastKnownFileType = sourcecode.c.objc; path = Settings.m; sourceTree = "<group>"; };
		EDF7F9F5123EDD680091DB79 /* Default@2x.png */ = {isa = PBXFileReference; lastKnownFileType = image.png; path = "Default@2x.png"; sourceTree = "<group>"; };
		EDFC86B80EAF10F4007120DA /* imgFlagShift.png */ = {isa = PBXFileReference; lastKnownFileType = image.png; path = imgFlagShift.png; sourceTree = "<group>"; };
		EDFC86BA0EAF10FC007120DA /* imgFlagUpDown.png */ = {isa = PBXFileReference; lastKnownFileType = image.png; path = imgFlagUpDown.png; sourceTree = "<group>"; };
		EDFC86BD0EAF1FBD007120DA /* imgFlagRun.png */ = {isa = PBXFileReference; lastKnownFileType = image.png; path = imgFlagRun.png; sourceTree = "<group>"; };
/* End PBXFileReference section */

/* Begin PBXFrameworksBuildPhase section */
		1D60588F0D05DD3D006BFB54 /* Frameworks */ = {
			isa = PBXFrameworksBuildPhase;
			buildActionMask = 2147483647;
			files = (
				1D60589F0D05DD5A006BFB54 /* Foundation.framework in Frameworks */,
				ED3DFAB80E5308B0000044AF /* CoreGraphics.framework in Frameworks */,
				EDA9B7440EB1F95300D30EA2 /* AudioToolbox.framework in Frameworks */,
				ED82C6951013DC9800803FB3 /* UIKit.framework in Frameworks */,
				ED8FA017122A5E7700B2DAAC /* CoreLocation.framework in Frameworks */,
			);
			runOnlyForDeploymentPostprocessing = 0;
		};
/* End PBXFrameworksBuildPhase section */

/* Begin PBXGroup section */
		080E96DDFE201D6D7F000001 /* Classes */ = {
			isa = PBXGroup;
			children = (
				ED3DFA250E52E912000044AF /* shell.m */,
				ED26D2630F6AB70E00F285A2 /* ServerViewController.h */,
				ED26D2640F6AB70E00F285A2 /* ServerViewController.m */,
				1D3623240D0F684500981E51 /* Free42AppDelegate.h */,
				1D3623250D0F684500981E51 /* Free42AppDelegate.m */,
				28D7ACF60DDB3853001CB0EB /* CalcViewController.h */,
				28D7ACF70DDB3853001CB0EB /* CalcViewController.m */,
				EDE45EAC0EAF7D6000404D59 /* ConfigViewController.h */,
				EDE45EAD0EAF7D6000404D59 /* ConfigViewController.m */,
				ED3DFA430E52F80D000044AF /* BlitterView.h */,
				ED3DFA440E52F80D000044AF /* BlitterView.m */,
				EDE45F3C0EB0450100404D59 /* NavViewController.h */,
				EDE45F3D0EB0450100404D59 /* NavViewController.m */,
				EDE464AB0EB1AF4F00404D59 /* Settings.h */,
				EDE464AC0EB1AF4F00404D59 /* Settings.m */,
				EDA9BBCC0EB49EEF00D30EA2 /* PrintViewController.h */,
				EDA9BBCD0EB49EEF00D30EA2 /* PrintViewController.m */,
				EDA9BBE60EB4A49400D30EA2 /* Utils.h */,
				EDA9BBE70EB4A49400D30EA2 /* Utils.m */,
				ED0C2CF00EB4BA6F00053F90 /* PrintView.h */,
				ED0C2CF10EB4BA6F00053F90 /* PrintView.m */,
				ED361AB40FB973A700C432A1 /* MenuView.h */,
				ED361AB50FB973A700C432A1 /* MenuView.m */,
			);
			path = Classes;
			sourceTree = "<group>";
		};
		19C28FACFE9D520D11CA2CBB /* Products */ = {
			isa = PBXGroup;
			children = (
				1D6058910D05DD3D006BFB54 /* 42s.app */,
			);
			name = Products;
			sourceTree = "<group>";
		};
		29B97314FDCFA39411CA2CEA /* CustomTemplate */ = {
			isa = PBXGroup;
			children = (
				ED36E9731093D31000DAA444 /* Common42s */,
				ED3DF9C10E52E691000044AF /* CommonBase */,
				080E96DDFE201D6D7F000001 /* Classes */,
				29B97315FDCFA39411CA2CEA /* Other Sources */,
				29B97317FDCFA39411CA2CEA /* Resources */,
				29B97323FDCFA39411CA2CEA /* Frameworks */,
				19C28FACFE9D520D11CA2CBB /* Products */,
			);
			name = CustomTemplate;
			sourceTree = "<group>";
		};
		29B97315FDCFA39411CA2CEA /* Other Sources */ = {
			isa = PBXGroup;
			children = (
				32CA4F630368D1EE00C91783 /* Free42_Prefix.pch */,
				29B97316FDCFA39411CA2CEA /* main.m */,
			);
			name = "Other Sources";
			sourceTree = "<group>";
		};
		29B97317FDCFA39411CA2CEA /* Resources */ = {
			isa = PBXGroup;
			children = (
				ED0B99C712AA43EE0002D7E8 /* Icon@2x.png */,
				ED0B99C512AA43E80002D7E8 /* Icon.png */,
				ED0B99C312AA43E20002D7E8 /* Icon-72.png */,
				EDF7F9F5123EDD680091DB79 /* Default@2x.png */,
				ED11B0A3107C6C2400A89C47 /* glare.png */,
				ED021D6F101D7BE700D8907C /* upglow.png */,
				ED366417100B339D00293D2C /* VERSION */,
				E9B918D40FDE8CE800698456 /* squeak.wav */,
				E9B918D50FDE8CE800698456 /* tone0.wav */,
				E9B918D60FDE8CE800698456 /* tone1.wav */,
				E9B918D70FDE8CE800698456 /* tone2.wav */,
				E9B918D80FDE8CE800698456 /* tone3.wav */,
				E9B918D90FDE8CE800698456 /* tone4.wav */,
				E9B918DA0FDE8CE800698456 /* tone5.wav */,
				E9B918DB0FDE8CE800698456 /* tone6.wav */,
				E9B918DC0FDE8CE800698456 /* tone7.wav */,
				E9B918DD0FDE8CE800698456 /* tone8.wav */,
				E9B918DE0FDE8CE800698456 /* tone9.wav */,
				ED5F1AC70FBCB72A00ABACC2 /* glow.png */,
				EDDA2FCA0FB810FC00B9D002 /* Default-BlankTop.png */,
				ED69AAD60F13F6A8001B6C1A /* COPYING */,
				ED08B0730EB940F300D368A2 /* imgFlagPrint.png */,
				ED559B690EB6089B0060A929 /* Default.png */,
				EDA9BBD00EB4A06600D30EA2 /* PrintView.xib */,
				EDFC86BD0EAF1FBD007120DA /* imgFlagRun.png */,
				EDFC86B80EAF10F4007120DA /* imgFlagShift.png */,
				EDFC86BA0EAF10FC007120DA /* imgFlagUpDown.png */,
				ED26D2730F6AB7F400F285A2 /* ServerView.xib */,
				EDAFFE0F0EAF0D6B00F06495 /* imgFlagRad.png */,
				EDAFFDDD0EAF0BB500F06495 /* imgFlagGrad.png */,
				2899E5210DE3E06400AC0155 /* CalcView.xib */,
				EDE45EB10EB033F500404D59 /* ConfigView.xib */,
				28AD733E0D9D9553002E5188 /* MainWindow.xib */,
				8D1107310486CEB800E47090 /* Info.plist */,
			);
			name = Resources;
			sourceTree = "<group>";
		};
		29B97323FDCFA39411CA2CEA /* Frameworks */ = {
			isa = PBXGroup;
			children = (
				ED8FA016122A5E7700B2DAAC /* CoreLocation.framework */,
				ED82C6941013DC9800803FB3 /* UIKit.framework */,
				EDA9B7430EB1F95300D30EA2 /* AudioToolbox.framework */,
				ED3DFAB70E5308B0000044AF /* CoreGraphics.framework */,
				1D30AB110D05D00D00671497 /* Foundation.framework */,
			);
			name = Frameworks;
			sourceTree = "<group>";
		};
		ED36E9731093D31000DAA444 /* Common42s */ = {
			isa = PBXGroup;
			children = (
				ED5E2E4910BF87D2006F9D9F /* undo.cc */,
				ED5E2E4A10BF87D2006F9D9F /* undo.h */,
				ED50C0191095567500C7D722 /* core_globals.h */,
				ED26D23F0F6AB1D100F285A2 /* simpleserver.c */,
				ED36E9751093D43800DAA444 /* core_display.h */,
				ED36E9761093D43800DAA444 /* core_commands2.cc */,
				ED36E9771093D43800DAA444 /* core_display.cc */,
				ED36E9791093D43800DAA444 /* core_globals.cc */,
				ED36E97B1093D43800DAA444 /* core_keydown.h */,
				ED36E97C1093D43800DAA444 /* core_helpers.cc */,
				ED36E97E1093D43800DAA444 /* core_keydown.cc */,
				ED36E97F1093D43800DAA444 /* core_commands1.cc */,
				ED36E9801093D43800DAA444 /* core_main.cc */,
			);
			name = Common42s;
			sourceTree = "<group>";
		};
		ED3DF9C10E52E691000044AF /* CommonBase */ = {
			isa = PBXGroup;
			children = (
				ED8FA007122A5D6800B2DAAC /* core_commands7.cc */,
				ED8FA008122A5D6800B2DAAC /* core_commands7.h */,
				ED8FA0021225ED8600B2DAAC /* core_commands1.h */,
				ED8F9FFC1225EC7400B2DAAC /* core_tables.cc */,
				ED8F9FFB1225EC5100B2DAAC /* core_tables.h */,
				ED0C58DF0F88940B00C2BD7C /* icons.c */,
				ED3DF9CB0E52E6C4000044AF /* bcd.cc */,
				ED3DF9CC0E52E6C4000044AF /* bcd.h */,
				E96280F9101CD52400AF16AC /* bcd2.h */,
				ED3DF9CD0E52E6C4000044AF /* bcdfloat.cc */,
				ED3DF9CE0E52E6C4000044AF /* bcdfloat.h */,
				E96280FA101CD52400AF16AC /* bcdfloat2.cc */,
				E96280FB101CD52400AF16AC /* bcdfloat2.h */,
				ED3DF9CF0E52E6C4000044AF /* bcdmath.cc */,
				ED3DF9D00E52E6C4000044AF /* bcdmath.h */,
				ED3DF9D40E52E6C4000044AF /* core_commands2.h */,
				ED3DF9D50E52E6C4000044AF /* core_commands3.cc */,
				ED3DF9D60E52E6C4000044AF /* core_commands3.h */,
				ED3DF9D70E52E6C4000044AF /* core_commands4.cc */,
				ED3DF9D80E52E6C4000044AF /* core_commands4.h */,
				ED3DF9D90E52E6C4000044AF /* core_commands5.cc */,
				ED3DF9DA0E52E6C4000044AF /* core_commands5.h */,
				ED3DF9DB0E52E6C4000044AF /* core_commands6.cc */,
				ED3DF9DC0E52E6C4000044AF /* core_commands6.h */,
				ED3DF9E20E52E6C4000044AF /* core_helpers.h */,
				ED3DF9E50E52E6C4000044AF /* core_linalg1.cc */,
				ED3DF9E60E52E6C4000044AF /* core_linalg1.h */,
				ED3DF9E70E52E6C4000044AF /* core_linalg2.cc */,
				ED3DF9E80E52E6C4000044AF /* core_linalg2.h */,
				ED3DF9EA0E52E6C4000044AF /* core_main.h */,
				ED3DF9EB0E52E6C4000044AF /* core_math1.cc */,
				ED3DF9EC0E52E6C4000044AF /* core_math1.h */,
				ED3DF9ED0E52E6C4000044AF /* core_math2.cc */,
				ED3DF9EE0E52E6C4000044AF /* core_math2.h */,
				ED3DF9EF0E52E6C4000044AF /* core_phloat.cc */,
				ED3DF9F00E52E6C4000044AF /* core_phloat.h */,
				ED3DF9F10E52E6C4000044AF /* core_sto_rcl.cc */,
				ED3DF9F20E52E6C4000044AF /* core_sto_rcl.h */,
				ED3DF9F50E52E6C4000044AF /* core_variables.cc */,
				ED3DF9F60E52E6C4000044AF /* core_variables.h */,
				ED3DF9F70E52E6C4000044AF /* free42.h */,
				ED3DF9F90E52E6C4000044AF /* shell.h */,
				ED3DF9FC0E52E6C4000044AF /* shell_spool.cc */,
				ED3DF9FD0E52E6C4000044AF /* shell_spool.h */,
			);
			name = CommonBase;
			sourceTree = "<group>";
		};
/* End PBXGroup section */

/* Begin PBXNativeTarget section */
		1D6058900D05DD3D006BFB54 /* 42s */ = {
			isa = PBXNativeTarget;
			buildConfigurationList = 1D6058960D05DD3E006BFB54 /* Build configuration list for PBXNativeTarget "42s" */;
			buildPhases = (
				E9AE8E940F6F64F8004FF65C /* ShellScript */,
				1D60588D0D05DD3D006BFB54 /* Resources */,
				1D60588E0D05DD3D006BFB54 /* Sources */,
				1D60588F0D05DD3D006BFB54 /* Frameworks */,
			);
			buildRules = (
			);
			dependencies = (
			);
			name = 42s;
			productName = Free42;
			productReference = 1D6058910D05DD3D006BFB54 /* 42s.app */;
			productType = "com.apple.product-type.application";
		};
/* End PBXNativeTarget section */

/* Begin PBXProject section */
		29B97313FDCFA39411CA2CEA /* Project object */ = {
			isa = PBXProject;
			buildConfigurationList = C01FCF4E08A954540054247B /* Build configuration list for PBXProject "42s" */;
			compatibilityVersion = "Xcode 3.1";
			hasScannedForEncodings = 1;
			mainGroup = 29B97314FDCFA39411CA2CEA /* CustomTemplate */;
			projectDirPath = "";
			projectRoot = "";
			targets = (
				1D6058900D05DD3D006BFB54 /* 42s */,
			);
		};
/* End PBXProject section */

/* Begin PBXResourcesBuildPhase section */
		1D60588D0D05DD3D006BFB54 /* Resources */ = {
			isa = PBXResourcesBuildPhase;
			buildActionMask = 2147483647;
			files = (
				28AD733F0D9D9553002E5188 /* MainWindow.xib in Resources */,
				2899E5220DE3E06400AC0155 /* CalcView.xib in Resources */,
				EDAFFDDE0EAF0BB500F06495 /* imgFlagGrad.png in Resources */,
				EDAFFE100EAF0D6B00F06495 /* imgFlagRad.png in Resources */,
				EDFC86B90EAF10F4007120DA /* imgFlagShift.png in Resources */,
				EDFC86BB0EAF10FC007120DA /* imgFlagUpDown.png in Resources */,
				EDFC86BE0EAF1FBD007120DA /* imgFlagRun.png in Resources */,
				EDE45EB20EB033F500404D59 /* ConfigView.xib in Resources */,
				EDA9BBD10EB4A06600D30EA2 /* PrintView.xib in Resources */,
				ED559B6A0EB6089B0060A929 /* Default.png in Resources */,
				ED08B0740EB940F300D368A2 /* imgFlagPrint.png in Resources */,
				ED69AAD70F13F6A8001B6C1A /* COPYING in Resources */,
				ED26D2740F6AB7F400F285A2 /* ServerView.xib in Resources */,
				EDDA2FCB0FB810FC00B9D002 /* Default-BlankTop.png in Resources */,
				ED5F1AC80FBCB72A00ABACC2 /* glow.png in Resources */,
				E9B918DF0FDE8CE800698456 /* squeak.wav in Resources */,
				E9B918E00FDE8CE800698456 /* tone0.wav in Resources */,
				E9B918E10FDE8CE800698456 /* tone1.wav in Resources */,
				E9B918E20FDE8CE800698456 /* tone2.wav in Resources */,
				E9B918E30FDE8CE800698456 /* tone3.wav in Resources */,
				E9B918E40FDE8CE800698456 /* tone4.wav in Resources */,
				E9B918E50FDE8CE800698456 /* tone5.wav in Resources */,
				E9B918E60FDE8CE800698456 /* tone6.wav in Resources */,
				E9B918E70FDE8CE800698456 /* tone7.wav in Resources */,
				E9B918E80FDE8CE800698456 /* tone8.wav in Resources */,
				E9B918E90FDE8CE800698456 /* tone9.wav in Resources */,
				ED366418100B339D00293D2C /* VERSION in Resources */,
				ED021D70101D7BE700D8907C /* upglow.png in Resources */,
				ED11B0A4107C6C2400A89C47 /* glare.png in Resources */,
				EDF7F9F6123EDD680091DB79 /* Default@2x.png in Resources */,
				ED0B99C412AA43E20002D7E8 /* Icon-72.png in Resources */,
				ED0B99C612AA43E80002D7E8 /* Icon.png in Resources */,
				ED0B99C812AA43EE0002D7E8 /* Icon@2x.png in Resources */,
			);
			runOnlyForDeploymentPostprocessing = 0;
		};
/* End PBXResourcesBuildPhase section */

/* Begin PBXShellScriptBuildPhase section */
		E9AE8E940F6F64F8004FF65C /* ShellScript */ = {
			isa = PBXShellScriptBuildPhase;
			buildActionMask = 2147483647;
			files = (
			);
			inputPaths = (
			);
			outputPaths = (
			);
			runOnlyForDeploymentPostprocessing = 0;
			shellPath = /bin/sh;
			shellScript = "cd simpleserver\nmake icons.c\n";
		};
/* End PBXShellScriptBuildPhase section */

/* Begin PBXSourcesBuildPhase section */
		1D60588E0D05DD3D006BFB54 /* Sources */ = {
			isa = PBXSourcesBuildPhase;
			buildActionMask = 2147483647;
			files = (
				1D60589B0D05DD56006BFB54 /* main.m in Sources */,
				1D3623260D0F684500981E51 /* Free42AppDelegate.m in Sources */,
				28D7ACF80DDB3853001CB0EB /* CalcViewController.m in Sources */,
				ED3DF9FE0E52E6C4000044AF /* bcd.cc in Sources */,
				ED3DF9FF0E52E6C4000044AF /* bcdfloat.cc in Sources */,
				ED3DFA000E52E6C4000044AF /* bcdmath.cc in Sources */,
				ED3DFA030E52E6C4000044AF /* core_commands3.cc in Sources */,
				ED3DFA040E52E6C4000044AF /* core_commands4.cc in Sources */,
				ED3DFA050E52E6C4000044AF /* core_commands5.cc in Sources */,
				ED3DFA060E52E6C4000044AF /* core_commands6.cc in Sources */,
				ED3DFA0B0E52E6C4000044AF /* core_linalg1.cc in Sources */,
				ED3DFA0C0E52E6C4000044AF /* core_linalg2.cc in Sources */,
				ED3DFA0E0E52E6C4000044AF /* core_math1.cc in Sources */,
				ED3DFA0F0E52E6C4000044AF /* core_math2.cc in Sources */,
				ED3DFA100E52E6C4000044AF /* core_phloat.cc in Sources */,
				ED3DFA110E52E6C4000044AF /* core_sto_rcl.cc in Sources */,
				ED3DFA130E52E6C4000044AF /* core_variables.cc in Sources */,
				ED3DFA160E52E6C4000044AF /* shell_spool.cc in Sources */,
				ED3DFA260E52E912000044AF /* shell.m in Sources */,
				ED3DFA450E52F80D000044AF /* BlitterView.m in Sources */,
				EDE45EAE0EAF7D6000404D59 /* ConfigViewController.m in Sources */,
				EDE45F3E0EB0450100404D59 /* NavViewController.m in Sources */,
				EDE464AD0EB1AF4F00404D59 /* Settings.m in Sources */,
				EDA9BBCE0EB49EEF00D30EA2 /* PrintViewController.m in Sources */,
				EDA9BBE80EB4A49400D30EA2 /* Utils.m in Sources */,
				ED0C2CF20EB4BA6F00053F90 /* PrintView.m in Sources */,
				ED26D2400F6AB1D100F285A2 /* simpleserver.c in Sources */,
				ED26D2650F6AB70E00F285A2 /* ServerViewController.m in Sources */,
				ED0C58E00F88940B00C2BD7C /* icons.c in Sources */,
				ED361AB60FB973A700C432A1 /* MenuView.m in Sources */,
				E96280FC101CD52400AF16AC /* bcdfloat2.cc in Sources */,
				ED36E9811093D43800DAA444 /* core_commands2.cc in Sources */,
				ED36E9821093D43800DAA444 /* core_display.cc in Sources */,
				ED36E9831093D43800DAA444 /* core_globals.cc in Sources */,
				ED36E9851093D43800DAA444 /* core_helpers.cc in Sources */,
				ED36E9861093D43800DAA444 /* core_keydown.cc in Sources */,
				ED36E9871093D43800DAA444 /* core_commands1.cc in Sources */,
				ED36E9881093D43800DAA444 /* core_main.cc in Sources */,
				ED5E2E4B10BF87D2006F9D9F /* undo.cc in Sources */,
				ED8F9FFD1225EC7400B2DAAC /* core_tables.cc in Sources */,
				ED8FA009122A5D6800B2DAAC /* core_commands7.cc in Sources */,
			);
			runOnlyForDeploymentPostprocessing = 0;
		};
/* End PBXSourcesBuildPhase section */

/* Begin XCBuildConfiguration section */
		1D6058940D05DD3E006BFB54 /* Debug */ = {
			isa = XCBuildConfiguration;
			buildSettings = {
				ALWAYS_SEARCH_USER_PATHS = NO;
				CODE_SIGN_IDENTITY = "iPhone Developer";
				COPY_PHASE_STRIP = NO;
				GCC_DYNAMIC_NO_PIC = NO;
				GCC_OPTIMIZATION_LEVEL = 0;
				GCC_PRECOMPILE_PREFIX_HEADER = YES;
				GCC_PREFIX_HEADER = Free42_Prefix.pch;
				GCC_PREPROCESSOR_DEFINITIONS = (
					IPHONE,
					NO_SINCOS,
					BIGSTACK,
					DEV_REL,
					DEBUG,
					FREE42,
					BCD_MATH,
					BIGLCD,
				);
				INFOPLIST_FILE = Info.plist;
				INFOPLIST_PREPROCESS = YES;
				PRODUCT_NAME = 42s;
				SDKROOT = iphonesimulator4.0;
			};
			name = Debug;
		};
		1D6058950D05DD3E006BFB54 /* Release */ = {
			isa = XCBuildConfiguration;
			buildSettings = {
				ALWAYS_SEARCH_USER_PATHS = NO;
				CODE_SIGN_IDENTITY = "iPhone Developer";
				COPY_PHASE_STRIP = YES;
				GCC_OPTIMIZATION_LEVEL = 3;
				GCC_PRECOMPILE_PREFIX_HEADER = YES;
				GCC_PREFIX_HEADER = Free42_Prefix.pch;
				GCC_PREPROCESSOR_DEFINITIONS = (
					BIGLCD,
					IPHONE,
					NO_SINCOS,
					BIGSTACK,
					BETA_REL,
					FREE42,
					BCD_MATH,
				);
				INFOPLIST_FILE = Info.plist;
				PRODUCT_NAME = 42s;
				PROVISIONING_PROFILE = "";
				SDKROOT = iphoneos4.0;
			};
			name = Release;
		};
		C01FCF4F08A954540054247B /* Debug */ = {
			isa = XCBuildConfiguration;
			buildSettings = {
				ARCHS = "$(ARCHS_STANDARD_32_BIT)";
				GCC_C_LANGUAGE_STANDARD = c99;
				GCC_INPUT_FILETYPE = sourcecode.cpp.objcpp;
				GCC_PREPROCESSOR_DEFINITIONS = BCD_MATH;
				GCC_WARN_ABOUT_RETURN_TYPE = YES;
				GCC_WARN_UNUSED_VARIABLE = YES;
				ONLY_ACTIVE_ARCH = YES;
				OTHER_CFLAGS = "-DFREE42=1";
				PREBINDING = NO;
				PRODUCT_NAME = 42S;
				SDKROOT = iphoneos4.0;
			};
			name = Debug;
		};
		C01FCF5008A954540054247B /* Release */ = {
			isa = XCBuildConfiguration;
			buildSettings = {
				ARCHS = "$(ARCHS_STANDARD_32_BIT)";
				GCC_C_LANGUAGE_STANDARD = c99;
				GCC_INPUT_FILETYPE = sourcecode.cpp.objcpp;
				GCC_PREPROCESSOR_DEFINITIONS = BCD_MATH;
				GCC_WARN_ABOUT_RETURN_TYPE = YES;
				GCC_WARN_UNUSED_VARIABLE = YES;
				PREBINDING = NO;
				SDKROOT = iphoneos2.0;
			};
			name = Release;
		};
		EDABF32A0F12F6B60003725E /* Distribution */ = {
			isa = XCBuildConfiguration;
			buildSettings = {
				ARCHS = "$(ARCHS_STANDARD_32_BIT)";
				GCC_C_LANGUAGE_STANDARD = c99;
				GCC_INPUT_FILETYPE = sourcecode.cpp.objcpp;
				GCC_PREPROCESSOR_DEFINITIONS = BCD_MATH;
				GCC_WARN_ABOUT_RETURN_TYPE = YES;
				GCC_WARN_UNUSED_VARIABLE = YES;
				PREBINDING = NO;
				SDKROOT = iphoneos4.0;
			};
			name = Distribution;
		};
		EDABF32B0F12F6B60003725E /* Distribution */ = {
			isa = XCBuildConfiguration;
			buildSettings = {
				ALWAYS_SEARCH_USER_PATHS = NO;
				CODE_SIGN_IDENTITY = "iPhone Distribution";
				COPY_PHASE_STRIP = YES;
				GCC_OPTIMIZATION_LEVEL = 3;
				GCC_PRECOMPILE_PREFIX_HEADER = YES;
				GCC_PREFIX_HEADER = Free42_Prefix.pch;
				GCC_PREPROCESSOR_DEFINITIONS = (
					BIGLCD,
					IPHONE,
					NO_SINCOS,
					BIGSTACK,
					NDEBUG,
					NS_BLOCK_ASSERTIONS,
					FREE42,
					BCD_MATH,
				);
				INFOPLIST_FILE = Info.plist;
				PRODUCT_NAME = 42s;
				PROVISIONING_PROFILE = "";
			};
			name = Distribution;
		};
/* End XCBuildConfiguration section */

/* Begin XCConfigurationList section */
		1D6058960D05DD3E006BFB54 /* Build configuration list for PBXNativeTarget "42s" */ = {
			isa = XCConfigurationList;
			buildConfigurations = (
				1D6058940D05DD3E006BFB54 /* Debug */,
				1D6058950D05DD3E006BFB54 /* Release */,
				EDABF32B0F12F6B60003725E /* Distribution */,
			);
			defaultConfigurationIsVisible = 0;
			defaultConfigurationName = Release;
		};
		C01FCF4E08A954540054247B /* Build configuration list for PBXProject "42s" */ = {
			isa = XCConfigurationList;
			buildConfigurations = (
				C01FCF4F08A954540054247B /* Debug */,
				C01FCF5008A954540054247B /* Release */,
				EDABF32A0F12F6B60003725E /* Distribution */,
			);
			defaultConfigurationIsVisible = 0;
			defaultConfigurationName = Release;
		};
/* End XCConfigurationList section */
	};
	rootObject = 29B97313FDCFA39411CA2CEA /* Project object */;
}
